{
  "name": "multi-sig-wallet",
  "lockfileVersion": 3,
  "requires": true,
  "packages": {
    "": {
      "dependencies": {
        "solidity-bytes-utils": "^0.8.4"
      }
    },
    "node_modules/solidity-bytes-utils": {
      "version": "0.8.4",
      "resolved": "https://registry.npmjs.org/solidity-bytes-utils/-/solidity-bytes-utils-0.8.4.tgz",
      "integrity": "sha512-/bjac5YR12i0plOKvGlhE51F5IWGP6rI8DJetCQlXcnwKWz/Hgf/vr+Qlk1BWz56xVcwVhmhCaDkTMnx5xvt0g==",
      "license": "MIT"
    }
  }
}
